
Microsoft Visual Studio Solution File, Format Version 12.00
# Visual Studio Version 17
VisualStudioVersion = 17.11.35312.102
MinimumVisualStudioVersion = 10.0.40219.1
Project("{FAE04EC0-301F-11D3-BF4B-00C04F79EFBC}") = "Proyecto.MAUIApp", "Proyecto.MAUIApp\Proyecto.MAUIApp.csproj", "{04F9FBDC-186A-4D36-BF5F-20B0521E8C66}"
EndProject
Global
	GlobalSection(SolutionConfigurationPlatforms) = preSolution
		Debug|Any CPU = Debug|Any CPU
		Release|Any CPU = Release|Any CPU
	EndGlobalSection
	GlobalSection(ProjectConfigurationPlatforms) = postSolution
		{04F9FBDC-186A-4D36-BF5F-20B0521E8C66}.Debug|Any CPU.ActiveCfg = Debug|Any CPU
		{04F9FBDC-186A-4D36-BF5F-20B0521E8C66}.Debug|Any CPU.Build.0 = Debug|Any CPU
		{04F9FBDC-186A-4D36-BF5F-20B0521E8C66}.Debug|Any CPU.Deploy.0 = Debug|Any CPU
		{04F9FBDC-186A-4D36-BF5F-20B0521E8C66}.Release|Any CPU.ActiveCfg = Release|Any CPU
		{04F9FBDC-186A-4D36-BF5F-20B0521E8C66}.Release|Any CPU.Build.0 = Release|Any CPU
		{04F9FBDC-186A-4D36-BF5F-20B0521E8C66}.Release|Any CPU.Deploy.0 = Release|Any CPU
	EndGlobalSection
	GlobalSection(SolutionProperties) = preSolution
		HideSolutionNode = FALSE
	EndGlobalSection
	GlobalSection(ExtensibilityGlobals) = postSolution
		SolutionGuid = {A0FD517D-7541-4015-A940-80D3C0E65981}
	EndGlobalSection
EndGlobal
